
Microsoft Visual Studio Solution File, Format Version 12.00
# Visual Studio Version 17
VisualStudioVersion = 17.0.31903.59
MinimumVisualStudioVersion = 10.0.40219.1
Project("{FAE04EC0-301F-11D3-BF4B-00C04F79EFBC}") = "Console", "Console\Console.csproj", "{D6A25E17-1F81-4581-9FA6-CB9EB7FA3C0A}"
EndProject
Project("{FAE04EC0-301F-11D3-BF4B-00C04F79EFBC}") = "Core", "Core\Core.csproj", "{DF867683-5A74-41BF-8662-2CD61BCB087B}"
EndProject
Project("{FAE04EC0-301F-11D3-BF4B-00C04F79EFBC}") = "Site", "Site\Site.csproj", "{3FCE5432-1B0E-47D3-8647-2F5218DF0E4C}"
EndProject
Project("{FAE04EC0-301F-11D3-BF4B-00C04F79EFBC}") = "WaterAlarmAdmin", "WaterAlarmAdmin\WaterAlarmAdmin.csproj", "{D048417C-4569-43A0-BBC7-4EC34342A023}"
EndProject
Global
	GlobalSection(SolutionConfigurationPlatforms) = preSolution
		Debug|Any CPU = Debug|Any CPU
		Release|Any CPU = Release|Any CPU
	EndGlobalSection
	GlobalSection(SolutionProperties) = preSolution
		HideSolutionNode = FALSE
	EndGlobalSection
	GlobalSection(ProjectConfigurationPlatforms) = postSolution
		{D6A25E17-1F81-4581-9FA6-CB9EB7FA3C0A}.Debug|Any CPU.ActiveCfg = Debug|Any CPU
		{D6A25E17-1F81-4581-9FA6-CB9EB7FA3C0A}.Debug|Any CPU.Build.0 = Debug|Any CPU
		{D6A25E17-1F81-4581-9FA6-CB9EB7FA3C0A}.Release|Any CPU.ActiveCfg = Release|Any CPU
		{D6A25E17-1F81-4581-9FA6-CB9EB7FA3C0A}.Release|Any CPU.Build.0 = Release|Any CPU
		{DF867683-5A74-41BF-8662-2CD61BCB087B}.Debug|Any CPU.ActiveCfg = Debug|Any CPU
		{DF867683-5A74-41BF-8662-2CD61BCB087B}.Debug|Any CPU.Build.0 = Debug|Any CPU
		{DF867683-5A74-41BF-8662-2CD61BCB087B}.Release|Any CPU.ActiveCfg = Release|Any CPU
		{DF867683-5A74-41BF-8662-2CD61BCB087B}.Release|Any CPU.Build.0 = Release|Any CPU
		{3FCE5432-1B0E-47D3-8647-2F5218DF0E4C}.Debug|Any CPU.ActiveCfg = Debug|Any CPU
		{3FCE5432-1B0E-47D3-8647-2F5218DF0E4C}.Debug|Any CPU.Build.0 = Debug|Any CPU
		{3FCE5432-1B0E-47D3-8647-2F5218DF0E4C}.Release|Any CPU.ActiveCfg = Release|Any CPU
		{3FCE5432-1B0E-47D3-8647-2F5218DF0E4C}.Release|Any CPU.Build.0 = Release|Any CPU
		{D048417C-4569-43A0-BBC7-4EC34342A023}.Debug|Any CPU.ActiveCfg = Debug|Any CPU
		{D048417C-4569-43A0-BBC7-4EC34342A023}.Debug|Any CPU.Build.0 = Debug|Any CPU
		{D048417C-4569-43A0-BBC7-4EC34342A023}.Release|Any CPU.ActiveCfg = Release|Any CPU
		{D048417C-4569-43A0-BBC7-4EC34342A023}.Release|Any CPU.Build.0 = Release|Any CPU
	EndGlobalSection
EndGlobal
